// !$*UTF8*$!
{
	archiveVersion = 1;
	classes = {
	};
	objectVersion = 50;
	objects = {

/* Begin PBXBuildFile section */
		4D84C648222E97E600DC75EF /* ProfileViewController.swift in Sources */ = {isa = PBXBuildFile; fileRef = 4D84C647222E97E600DC75EF /* ProfileViewController.swift */; };
		4D84C64A222E980E00DC75EF /* ProfileInteractor.swift in Sources */ = {isa = PBXBuildFile; fileRef = 4D84C649222E980E00DC75EF /* ProfileInteractor.swift */; };
		4D84C64C222E982200DC75EF /* ProfilePresenter.swift in Sources */ = {isa = PBXBuildFile; fileRef = 4D84C64B222E982200DC75EF /* ProfilePresenter.swift */; };
		4D84C64E222E983200DC75EF /* ProfileEntity.swift in Sources */ = {isa = PBXBuildFile; fileRef = 4D84C64D222E983200DC75EF /* ProfileEntity.swift */; };
		4D84C650222E984700DC75EF /* ProfileRouting.swift in Sources */ = {isa = PBXBuildFile; fileRef = 4D84C64F222E984700DC75EF /* ProfileRouting.swift */; };
		4DB4D96C221EBF8F0019F972 /* AppDelegate.swift in Sources */ = {isa = PBXBuildFile; fileRef = 4DB4D96B221EBF8F0019F972 /* AppDelegate.swift */; };
		4DB4D971221EBF8F0019F972 /* Main.storyboard in Resources */ = {isa = PBXBuildFile; fileRef = 4DB4D96F221EBF8F0019F972 /* Main.storyboard */; };
		4DB4D974221EBF8F0019F972 /* WhyUseVIPER.xcdatamodeld in Sources */ = {isa = PBXBuildFile; fileRef = 4DB4D972221EBF8F0019F972 /* WhyUseVIPER.xcdatamodeld */; };
		4DB4D976221EBF900019F972 /* Assets.xcassets in Resources */ = {isa = PBXBuildFile; fileRef = 4DB4D975221EBF900019F972 /* Assets.xcassets */; };
		4DB4D979221EBF900019F972 /* LaunchScreen.storyboard in Resources */ = {isa = PBXBuildFile; fileRef = 4DB4D977221EBF900019F972 /* LaunchScreen.storyboard */; };
		4DB4D984221EBF900019F972 /* WhyUseVIPERTests.swift in Sources */ = {isa = PBXBuildFile; fileRef = 4DB4D983221EBF900019F972 /* WhyUseVIPERTests.swift */; };
		4DB4D98F221EBF900019F972 /* WhyUseVIPERUITests.swift in Sources */ = {isa = PBXBuildFile; fileRef = 4DB4D98E221EBF900019F972 /* WhyUseVIPERUITests.swift */; };
/* End PBXBuildFile section */

/* Begin PBXContainerItemProxy section */
		4DB4D980221EBF900019F972 /* PBXContainerItemProxy */ = {
			isa = PBXContainerItemProxy;
			containerPortal = 4DB4D960221EBF8F0019F972 /* Project object */;
			proxyType = 1;
			remoteGlobalIDString = 4DB4D967221EBF8F0019F972;
			remoteInfo = WhyUseVIPER;
		};
		4DB4D98B221EBF900019F972 /* PBXContainerItemProxy */ = {
			isa = PBXContainerItemProxy;
			containerPortal = 4DB4D960221EBF8F0019F972 /* Project object */;
			proxyType = 1;
			remoteGlobalIDString = 4DB4D967221EBF8F0019F972;
			remoteInfo = WhyUseVIPER;
		};
/* End PBXContainerItemProxy section */

/* Begin PBXFileReference section */
		4D84C647222E97E600DC75EF /* ProfileViewController.swift */ = {isa = PBXFileReference; lastKnownFileType = sourcecode.swift; path = ProfileViewController.swift; sourceTree = "<group>"; };
		4D84C649222E980E00DC75EF /* ProfileInteractor.swift */ = {isa = PBXFileReference; lastKnownFileType = sourcecode.swift; path = ProfileInteractor.swift; sourceTree = "<group>"; };
		4D84C64B222E982200DC75EF /* ProfilePresenter.swift */ = {isa = PBXFileReference; lastKnownFileType = sourcecode.swift; path = ProfilePresenter.swift; sourceTree = "<group>"; };
		4D84C64D222E983200DC75EF /* ProfileEntity.swift */ = {isa = PBXFileReference; lastKnownFileType = sourcecode.swift; path = ProfileEntity.swift; sourceTree = "<group>"; };
		4D84C64F222E984700DC75EF /* ProfileRouting.swift */ = {isa = PBXFileReference; lastKnownFileType = sourcecode.swift; path = ProfileRouting.swift; sourceTree = "<group>"; };
		4DB4D968221EBF8F0019F972 /* WhyUseVIPER.app */ = {isa = PBXFileReference; explicitFileType = wrapper.application; includeInIndex = 0; path = WhyUseVIPER.app; sourceTree = BUILT_PRODUCTS_DIR; };
		4DB4D96B221EBF8F0019F972 /* AppDelegate.swift */ = {isa = PBXFileReference; lastKnownFileType = sourcecode.swift; path = AppDelegate.swift; sourceTree = "<group>"; };
		4DB4D970221EBF8F0019F972 /* Base */ = {isa = PBXFileReference; lastKnownFileType = file.storyboard; name = Base; path = Base.lproj/Main.storyboard; sourceTree = "<group>"; };
		4DB4D973221EBF8F0019F972 /* WhyUseVIPER.xcdatamodel */ = {isa = PBXFileReference; lastKnownFileType = wrapper.xcdatamodel; path = WhyUseVIPER.xcdatamodel; sourceTree = "<group>"; };
		4DB4D975221EBF900019F972 /* Assets.xcassets */ = {isa = PBXFileReference; lastKnownFileType = folder.assetcatalog; path = Assets.xcassets; sourceTree = "<group>"; };
		4DB4D978221EBF900019F972 /* Base */ = {isa = PBXFileReference; lastKnownFileType = file.storyboard; name = Base; path = Base.lproj/LaunchScreen.storyboard; sourceTree = "<group>"; };
		4DB4D97A221EBF900019F972 /* Info.plist */ = {isa = PBXFileReference; lastKnownFileType = text.plist.xml; path = Info.plist; sourceTree = "<group>"; };
		4DB4D97F221EBF900019F972 /* WhyUseVIPERTests.xctest */ = {isa = PBXFileReference; explicitFileType = wrapper.cfbundle; includeInIndex = 0; path = WhyUseVIPERTests.xctest; sourceTree = BUILT_PRODUCTS_DIR; };
		4DB4D983221EBF900019F972 /* WhyUseVIPERTests.swift */ = {isa = PBXFileReference; lastKnownFileType = sourcecode.swift; path = WhyUseVIPERTests.swift; sourceTree = "<group>"; };
		4DB4D985221EBF900019F972 /* Info.plist */ = {isa = PBXFileReference; lastKnownFileType = text.plist.xml; path = Info.plist; sourceTree = "<group>"; };
		4DB4D98A221EBF900019F972 /* WhyUseVIPERUITests.xctest */ = {isa = PBXFileReference; explicitFileType = wrapper.cfbundle; includeInIndex = 0; path = WhyUseVIPERUITests.xctest; sourceTree = BUILT_PRODUCTS_DIR; };
		4DB4D98E221EBF900019F972 /* WhyUseVIPERUITests.swift */ = {isa = PBXFileReference; lastKnownFileType = sourcecode.swift; path = WhyUseVIPERUITests.swift; sourceTree = "<group>"; };
		4DB4D990221EBF900019F972 /* Info.plist */ = {isa = PBXFileReference; lastKnownFileType = text.plist.xml; path = Info.plist; sourceTree = "<group>"; };
/* End PBXFileReference section */

/* Begin PBXFrameworksBuildPhase section */
		4DB4D965221EBF8F0019F972 /* Frameworks */ = {
			isa = PBXFrameworksBuildPhase;
			buildActionMask = 2147483647;
			files = (
			);
			runOnlyForDeploymentPostprocessing = 0;
		};
		4DB4D97C221EBF900019F972 /* Frameworks */ = {
			isa = PBXFrameworksBuildPhase;
			buildActionMask = 2147483647;
			files = (
			);
			runOnlyForDeploymentPostprocessing = 0;
		};
		4DB4D987221EBF900019F972 /* Frameworks */ = {
			isa = PBXFrameworksBuildPhase;
			buildActionMask = 2147483647;
			files = (
			);
			runOnlyForDeploymentPostprocessing = 0;
		};
/* End PBXFrameworksBuildPhase section */

/* Begin PBXGroup section */
		4D524E59221EF9A900C6A735 /* SupportFiles */ = {
			isa = PBXGroup;
			children = (
				4DB4D96B221EBF8F0019F972 /* AppDelegate.swift */,
				4DB4D977221EBF900019F972 /* LaunchScreen.storyboard */,
				4DB4D96F221EBF8F0019F972 /* Main.storyboard */,
				4DB4D97A221EBF900019F972 /* Info.plist */,
				4DB4D975221EBF900019F972 /* Assets.xcassets */,
				4DB4D972221EBF8F0019F972 /* WhyUseVIPER.xcdatamodeld */,
			);
			path = SupportFiles;
			sourceTree = "<group>";
		};
		4D84C642222E96DB00DC75EF /* Views */ = {
			isa = PBXGroup;
			children = (
				4D84C647222E97E600DC75EF /* ProfileViewController.swift */,
			);
			path = Views;
			sourceTree = "<group>";
		};
		4D84C643222E96E300DC75EF /* Interactors */ = {
			isa = PBXGroup;
			children = (
				4D84C649222E980E00DC75EF /* ProfileInteractor.swift */,
			);
			path = Interactors;
			sourceTree = "<group>";
		};
		4D84C644222E96F100DC75EF /* Presenters */ = {
			isa = PBXGroup;
			children = (
				4D84C64B222E982200DC75EF /* ProfilePresenter.swift */,
			);
			path = Presenters;
			sourceTree = "<group>";
		};
		4D84C645222E96FC00DC75EF /* Entity */ = {
			isa = PBXGroup;
			children = (
				4D84C64D222E983200DC75EF /* ProfileEntity.swift */,
			);
			path = Entity;
			sourceTree = "<group>";
		};
		4D84C646222E972300DC75EF /* Routing */ = {
			isa = PBXGroup;
			children = (
				4D84C64F222E984700DC75EF /* ProfileRouting.swift */,
			);
			path = Routing;
			sourceTree = "<group>";
		};
		4DB4D95F221EBF8F0019F972 = {
			isa = PBXGroup;
			children = (
				4DB4D96A221EBF8F0019F972 /* WhyUseVIPER */,
				4DB4D982221EBF900019F972 /* WhyUseVIPERTests */,
				4DB4D98D221EBF900019F972 /* WhyUseVIPERUITests */,
				4DB4D969221EBF8F0019F972 /* Products */,
			);
			sourceTree = "<group>";
		};
		4DB4D969221EBF8F0019F972 /* Products */ = {
			isa = PBXGroup;
			children = (
				4DB4D968221EBF8F0019F972 /* WhyUseVIPER.app */,
				4DB4D97F221EBF900019F972 /* WhyUseVIPERTests.xctest */,
				4DB4D98A221EBF900019F972 /* WhyUseVIPERUITests.xctest */,
			);
			name = Products;
			sourceTree = "<group>";
		};
		4DB4D96A221EBF8F0019F972 /* WhyUseVIPER */ = {
			isa = PBXGroup;
			children = (
				4D524E59221EF9A900C6A735 /* SupportFiles */,
				4D84C642222E96DB00DC75EF /* Views */,
				4D84C643222E96E300DC75EF /* Interactors */,
				4D84C644222E96F100DC75EF /* Presenters */,
				4D84C645222E96FC00DC75EF /* Entity */,
				4D84C646222E972300DC75EF /* Routing */,
			);
			path = WhyUseVIPER;
			sourceTree = "<group>";
		};
		4DB4D982221EBF900019F972 /* WhyUseVIPERTests */ = {
			isa = PBXGroup;
			children = (
				4DB4D983221EBF900019F972 /* WhyUseVIPERTests.swift */,
				4DB4D985221EBF900019F972 /* Info.plist */,
			);
			path = WhyUseVIPERTests;
			sourceTree = "<group>";
		};
		4DB4D98D221EBF900019F972 /* WhyUseVIPERUITests */ = {
			isa = PBXGroup;
			children = (
				4DB4D98E221EBF900019F972 /* WhyUseVIPERUITests.swift */,
				4DB4D990221EBF900019F972 /* Info.plist */,
			);
			path = WhyUseVIPERUITests;
			sourceTree = "<group>";
		};
/* End PBXGroup section */

/* Begin PBXNativeTarget section */
		4DB4D967221EBF8F0019F972 /* WhyUseVIPER */ = {
			isa = PBXNativeTarget;
			buildConfigurationList = 4DB4D993221EBF900019F972 /* Build configuration list for PBXNativeTarget "WhyUseVIPER" */;
			buildPhases = (
				4DB4D964221EBF8F0019F972 /* Sources */,
				4DB4D965221EBF8F0019F972 /* Frameworks */,
				4DB4D966221EBF8F0019F972 /* Resources */,
			);
			buildRules = (
			);
			dependencies = (
			);
			name = WhyUseVIPER;
			productName = WhyUseVIPER;
			productReference = 4DB4D968221EBF8F0019F972 /* WhyUseVIPER.app */;
			productType = "com.apple.product-type.application";
		};
		4DB4D97E221EBF900019F972 /* WhyUseVIPERTests */ = {
			isa = PBXNativeTarget;
			buildConfigurationList = 4DB4D996221EBF900019F972 /* Build configuration list for PBXNativeTarget "WhyUseVIPERTests" */;
			buildPhases = (
				4DB4D97B221EBF900019F972 /* Sources */,
				4DB4D97C221EBF900019F972 /* Frameworks */,
				4DB4D97D221EBF900019F972 /* Resources */,
			);
			buildRules = (
			);
			dependencies = (
				4DB4D981221EBF900019F972 /* PBXTargetDependency */,
			);
			name = WhyUseVIPERTests;
			productName = WhyUseVIPERTests;
			productReference = 4DB4D97F221EBF900019F972 /* WhyUseVIPERTests.xctest */;
			productType = "com.apple.product-type.bundle.unit-test";
		};
		4DB4D989221EBF900019F972 /* WhyUseVIPERUITests */ = {
			isa = PBXNativeTarget;
			buildConfigurationList = 4DB4D999221EBF900019F972 /* Build configuration list for PBXNativeTarget "WhyUseVIPERUITests" */;
			buildPhases = (
				4DB4D986221EBF900019F972 /* Sources */,
				4DB4D987221EBF900019F972 /* Frameworks */,
				4DB4D988221EBF900019F972 /* Resources */,
			);
			buildRules = (
			);
			dependencies = (
				4DB4D98C221EBF900019F972 /* PBXTargetDependency */,
			);
			name = WhyUseVIPERUITests;
			productName = WhyUseVIPERUITests;
			productReference = 4DB4D98A221EBF900019F972 /* WhyUseVIPERUITests.xctest */;
			productType = "com.apple.product-type.bundle.ui-testing";
		};
/* End PBXNativeTarget section */

/* Begin PBXProject section */
		4DB4D960221EBF8F0019F972 /* Project object */ = {
			isa = PBXProject;
			attributes = {
				LastSwiftUpdateCheck = 1010;
				LastUpgradeCheck = 1010;
				ORGANIZATIONNAME = "Mohamed Rabie";
				TargetAttributes = {
					4DB4D967221EBF8F0019F972 = {
						CreatedOnToolsVersion = 10.1;
					};
					4DB4D97E221EBF900019F972 = {
						CreatedOnToolsVersion = 10.1;
						TestTargetID = 4DB4D967221EBF8F0019F972;
					};
					4DB4D989221EBF900019F972 = {
						CreatedOnToolsVersion = 10.1;
						TestTargetID = 4DB4D967221EBF8F0019F972;
					};
				};
			};
			buildConfigurationList = 4DB4D963221EBF8F0019F972 /* Build configuration list for PBXProject "WhyUseVIPER" */;
			compatibilityVersion = "Xcode 9.3";
			developmentRegion = en;
			hasScannedForEncodings = 0;
			knownRegions = (
				en,
				Base,
			);
			mainGroup = 4DB4D95F221EBF8F0019F972;
			productRefGroup = 4DB4D969221EBF8F0019F972 /* Products */;
			projectDirPath = "";
			projectRoot = "";
			targets = (
				4DB4D967221EBF8F0019F972 /* WhyUseVIPER */,
				4DB4D97E221EBF900019F972 /* WhyUseVIPERTests */,
				4DB4D989221EBF900019F972 /* WhyUseVIPERUITests */,
			);
		};
/* End PBXProject section */

/* Begin PBXResourcesBuildPhase section */
		4DB4D966221EBF8F0019F972 /* Resources */ = {
			isa = PBXResourcesBuildPhase;
			buildActionMask = 2147483647;
			files = (
				4DB4D979221EBF900019F972 /* LaunchScreen.storyboard in Resources */,
				4DB4D976221EBF900019F972 /* Assets.xcassets in Resources */,
				4DB4D971221EBF8F0019F972 /* Main.storyboard in Resources */,
			);
			runOnlyForDeploymentPostprocessing = 0;
		};
		4DB4D97D221EBF900019F972 /* Resources */ = {
			isa = PBXResourcesBuildPhase;
			buildActionMask = 2147483647;
			files = (
			);
			runOnlyForDeploymentPostprocessing = 0;
		};
		4DB4D988221EBF900019F972 /* Resources */ = {
			isa = PBXResourcesBuildPhase;
			buildActionMask = 2147483647;
			files = (
			);
			runOnlyForDeploymentPostprocessing = 0;
		};
/* End PBXResourcesBuildPhase section */

/* Begin PBXSourcesBuildPhase section */
		4DB4D964221EBF8F0019F972 /* Sources */ = {
			isa = PBXSourcesBuildPhase;
			buildActionMask = 2147483647;
			files = (
				4D84C648222E97E600DC75EF /* ProfileViewController.swift in Sources */,
				4DB4D974221EBF8F0019F972 /* WhyUseVIPER.xcdatamodeld in Sources */,
				4D84C64A222E980E00DC75EF /* ProfileInteractor.swift in Sources */,
				4DB4D96C221EBF8F0019F972 /* AppDelegate.swift in Sources */,
				4D84C64E222E983200DC75EF /* ProfileEntity.swift in Sources */,
				4D84C64C222E982200DC75EF /* ProfilePresenter.swift in Sources */,
				4D84C650222E984700DC75EF /* ProfileRouting.swift in Sources */,
			);
			runOnlyForDeploymentPostprocessing = 0;
		};
		4DB4D97B221EBF900019F972 /* Sources */ = {
			isa = PBXSourcesBuildPhase;
			buildActionMask = 2147483647;
			files = (
				4DB4D984221EBF900019F972 /* WhyUseVIPERTests.swift in Sources */,
			);
			runOnlyForDeploymentPostprocessing = 0;
		};
		4DB4D986221EBF900019F972 /* Sources */ = {
			isa = PBXSourcesBuildPhase;
			buildActionMask = 2147483647;
			files = (
				4DB4D98F221EBF900019F972 /* WhyUseVIPERUITests.swift in Sources */,
			);
			runOnlyForDeploymentPostprocessing = 0;
		};
/* End PBXSourcesBuildPhase section */

/* Begin PBXTargetDependency section */
		4DB4D981221EBF900019F972 /* PBXTargetDependency */ = {
			isa = PBXTargetDependency;
			target = 4DB4D967221EBF8F0019F972 /* WhyUseVIPER */;
			targetProxy = 4DB4D980221EBF900019F972 /* PBXContainerItemProxy */;
		};
		4DB4D98C221EBF900019F972 /* PBXTargetDependency */ = {
			isa = PBXTargetDependency;
			target = 4DB4D967221EBF8F0019F972 /* WhyUseVIPER */;
			targetProxy = 4DB4D98B221EBF900019F972 /* PBXContainerItemProxy */;
		};
/* End PBXTargetDependency section */

/* Begin PBXVariantGroup section */
		4DB4D96F221EBF8F0019F972 /* Main.storyboard */ = {
			isa = PBXVariantGroup;
			children = (
				4DB4D970221EBF8F0019F972 /* Base */,
			);
			name = Main.storyboard;
			sourceTree = "<group>";
		};
		4DB4D977221EBF900019F972 /* LaunchScreen.storyboard */ = {
			isa = PBXVariantGroup;
			children = (
				4DB4D978221EBF900019F972 /* Base */,
			);
			name = LaunchScreen.storyboard;
			sourceTree = "<group>";
		};
/* End PBXVariantGroup section */

/* Begin XCBuildConfiguration section */
		4DB4D991221EBF900019F972 /* Debug */ = {
			isa = XCBuildConfiguration;
			buildSettings = {
				ALWAYS_SEARCH_USER_PATHS = NO;
				CLANG_ANALYZER_NONNULL = YES;
				CLANG_ANALYZER_NUMBER_OBJECT_CONVERSION = YES_AGGRESSIVE;
				CLANG_CXX_LANGUAGE_STANDARD = "gnu++14";
				CLANG_CXX_LIBRARY = "libc++";
				CLANG_ENABLE_MODULES = YES;
				CLANG_ENABLE_OBJC_ARC = YES;
				CLANG_ENABLE_OBJC_WEAK = YES;
				CLANG_WARN_BLOCK_CAPTURE_AUTORELEASING = YES;
				CLANG_WARN_BOOL_CONVERSION = YES;
				CLANG_WARN_COMMA = YES;
				CLANG_WARN_CONSTANT_CONVERSION = YES;
				CLANG_WARN_DEPRECATED_OBJC_IMPLEMENTATIONS = YES;
				CLANG_WARN_DIRECT_OBJC_ISA_USAGE = YES_ERROR;
				CLANG_WARN_DOCUMENTATION_COMMENTS = YES;
				CLANG_WARN_EMPTY_BODY = YES;
				CLANG_WARN_ENUM_CONVERSION = YES;
				CLANG_WARN_INFINITE_RECURSION = YES;
				CLANG_WARN_INT_CONVERSION = YES;
				CLANG_WARN_NON_LITERAL_NULL_CONVERSION = YES;
				CLANG_WARN_OBJC_IMPLICIT_RETAIN_SELF = YES;
				CLANG_WARN_OBJC_LITERAL_CONVERSION = YES;
				CLANG_WARN_OBJC_ROOT_CLASS = YES_ERROR;
				CLANG_WARN_RANGE_LOOP_ANALYSIS = YES;
				CLANG_WARN_STRICT_PROTOTYPES = YES;
				CLANG_WARN_SUSPICIOUS_MOVE = YES;
				CLANG_WARN_UNGUARDED_AVAILABILITY = YES_AGGRESSIVE;
				CLANG_WARN_UNREACHABLE_CODE = YES;
				CLANG_WARN__DUPLICATE_METHOD_MATCH = YES;
				CODE_SIGN_IDENTITY = "iPhone Developer";
				COPY_PHASE_STRIP = NO;
				DEBUG_INFORMATION_FORMAT = dwarf;
				ENABLE_STRICT_OBJC_MSGSEND = YES;
				ENABLE_TESTABILITY = YES;
				GCC_C_LANGUAGE_STANDARD = gnu11;
				GCC_DYNAMIC_NO_PIC = NO;
				GCC_NO_COMMON_BLOCKS = YES;
				GCC_OPTIMIZATION_LEVEL = 0;
				GCC_PREPROCESSOR_DEFINITIONS = (
					"DEBUG=1",
					"$(inherited)",
				);
				GCC_WARN_64_TO_32_BIT_CONVERSION = YES;
				GCC_WARN_ABOUT_RETURN_TYPE = YES_ERROR;
				GCC_WARN_UNDECLARED_SELECTOR = YES;
				GCC_WARN_UNINITIALIZED_AUTOS = YES_AGGRESSIVE;
				GCC_WARN_UNUSED_FUNCTION = YES;
				GCC_WARN_UNUSED_VARIABLE = YES;
				IPHONEOS_DEPLOYMENT_TARGET = 12.1;
				MTL_ENABLE_DEBUG_INFO = INCLUDE_SOURCE;
				MTL_FAST_MATH = YES;
				ONLY_ACTIVE_ARCH = YES;
				SDKROOT = iphoneos;
				SWIFT_ACTIVE_COMPILATION_CONDITIONS = DEBUG;
				SWIFT_OPTIMIZATION_LEVEL = "-Onone";
			};
			name = Debug;
		};
		4DB4D992221EBF900019F972 /* Release */ = {
			isa = XCBuildConfiguration;
			buildSettings = {
				ALWAYS_SEARCH_USER_PATHS = NO;
				CLANG_ANALYZER_NONNULL = YES;
				CLANG_ANALYZER_NUMBER_OBJECT_CONVERSION = YES_AGGRESSIVE;
				CLANG_CXX_LANGUAGE_STANDARD = "gnu++14";
				CLANG_CXX_LIBRARY = "libc++";
				CLANG_ENABLE_MODULES = YES;
				CLANG_ENABLE_OBJC_ARC = YES;
				CLANG_ENABLE_OBJC_WEAK = YES;
				CLANG_WARN_BLOCK_CAPTURE_AUTORELEASING = YES;
				CLANG_WARN_BOOL_CONVERSION = YES;
				CLANG_WARN_COMMA = YES;
				CLANG_WARN_CONSTANT_CONVERSION = YES;
				CLANG_WARN_DEPRECATED_OBJC_IMPLEMENTATIONS = YES;
				CLANG_WARN_DIRECT_OBJC_ISA_USAGE = YES_ERROR;
				CLANG_WARN_DOCUMENTATION_COMMENTS = YES;
				CLANG_WARN_EMPTY_BODY = YES;
				CLANG_WARN_ENUM_CONVERSION = YES;
				CLANG_WARN_INFINITE_RECURSION = YES;
				CLANG_WARN_INT_CONVERSION = YES;
				CLANG_WARN_NON_LITERAL_NULL_CONVERSION = YES;
				CLANG_WARN_OBJC_IMPLICIT_RETAIN_SELF = YES;
				CLANG_WARN_OBJC_LITERAL_CONVERSION = YES;
				CLANG_WARN_OBJC_ROOT_CLASS = YES_ERROR;
				CLANG_WARN_RANGE_LOOP_ANALYSIS = YES;
				CLANG_WARN_STRICT_PROTOTYPES = YES;
				CLANG_WARN_SUSPICIOUS_MOVE = YES;
				CLANG_WARN_UNGUARDED_AVAILABILITY = YES_AGGRESSIVE;
				CLANG_WARN_UNREACHABLE_CODE = YES;
				CLANG_WARN__DUPLICATE_METHOD_MATCH = YES;
				CODE_SIGN_IDENTITY = "iPhone Developer";
				COPY_PHASE_STRIP = NO;
				DEBUG_INFORMATION_FORMAT = "dwarf-with-dsym";
				ENABLE_NS_ASSERTIONS = NO;
				ENABLE_STRICT_OBJC_MSGSEND = YES;
				GCC_C_LANGUAGE_STANDARD = gnu11;
				GCC_NO_COMMON_BLOCKS = YES;
				GCC_WARN_64_TO_32_BIT_CONVERSION = YES;
				GCC_WARN_ABOUT_RETURN_TYPE = YES_ERROR;
				GCC_WARN_UNDECLARED_SELECTOR = YES;
				GCC_WARN_UNINITIALIZED_AUTOS = YES_AGGRESSIVE;
				GCC_WARN_UNUSED_FUNCTION = YES;
				GCC_WARN_UNUSED_VARIABLE = YES;
				IPHONEOS_DEPLOYMENT_TARGET = 12.1;
				MTL_ENABLE_DEBUG_INFO = NO;
				MTL_FAST_MATH = YES;
				SDKROOT = iphoneos;
				SWIFT_COMPILATION_MODE = wholemodule;
				SWIFT_OPTIMIZATION_LEVEL = "-O";
				VALIDATE_PRODUCT = YES;
			};
			name = Release;
		};
		4DB4D994221EBF900019F972 /* Debug */ = {
			isa = XCBuildConfiguration;
			buildSettings = {
				ASSETCATALOG_COMPILER_APPICON_NAME = AppIcon;
				CODE_SIGN_STYLE = Automatic;
				DEVELOPMENT_TEAM = U6Z2MCMJT7;
				INFOPLIST_FILE = "$(SRCROOT)/WhyUseVIPER/SupportFiles/Info.plist";
				LD_RUNPATH_SEARCH_PATHS = (
					"$(inherited)",
					"@executable_path/Frameworks",
				);
				PRODUCT_BUNDLE_IDENTIFIER = com.MoRabie.WhyUseVIPER;
				PRODUCT_NAME = "$(TARGET_NAME)";
				SWIFT_VERSION = 4.2;
				TARGETED_DEVICE_FAMILY = "1,2";
			};
			name = Debug;
		};
		4DB4D995221EBF900019F972 /* Release */ = {
			isa = XCBuildConfiguration;
			buildSettings = {
				ASSETCATALOG_COMPILER_APPICON_NAME = AppIcon;
				CODE_SIGN_STYLE = Automatic;
				DEVELOPMENT_TEAM = U6Z2MCMJT7;
				INFOPLIST_FILE = "$(SRCROOT)/WhyUseVIPER/SupportFiles/Info.plist";
				LD_RUNPATH_SEARCH_PATHS = (
					"$(inherited)",
					"@executable_path/Frameworks",
				);
				PRODUCT_BUNDLE_IDENTIFIER = com.MoRabie.WhyUseVIPER;
				PRODUCT_NAME = "$(TARGET_NAME)";
				SWIFT_VERSION = 4.2;
				TARGETED_DEVICE_FAMILY = "1,2";
			};
			name = Release;
		};
		4DB4D997221EBF900019F972 /* Debug */ = {
			isa = XCBuildConfiguration;
			buildSettings = {
				ALWAYS_EMBED_SWIFT_STANDARD_LIBRARIES = YES;
				BUNDLE_LOADER = "$(TEST_HOST)";
				CODE_SIGN_STYLE = Automatic;
				DEVELOPMENT_TEAM = U6Z2MCMJT7;
				INFOPLIST_FILE = WhyUseVIPERTests/Info.plist;
				LD_RUNPATH_SEARCH_PATHS = (
					"$(inherited)",
					"@executable_path/Frameworks",
					"@loader_path/Frameworks",
				);
				PRODUCT_BUNDLE_IDENTIFIER = com.MoRabie.WhyUseVIPERTests;
				PRODUCT_NAME = "$(TARGET_NAME)";
				SWIFT_VERSION = 4.2;
				TARGETED_DEVICE_FAMILY = "1,2";
				TEST_HOST = "$(BUILT_PRODUCTS_DIR)/WhyUseVIPER.app/WhyUseVIPER";
			};
			name = Debug;
		};
		4DB4D998221EBF900019F972 /* Release */ = {
			isa = XCBuildConfiguration;
			buildSettings = {
				ALWAYS_EMBED_SWIFT_STANDARD_LIBRARIES = YES;
				BUNDLE_LOADER = "$(TEST_HOST)";
				CODE_SIGN_STYLE = Automatic;
				DEVELOPMENT_TEAM = U6Z2MCMJT7;
				INFOPLIST_FILE = WhyUseVIPERTests/Info.plist;
				LD_RUNPATH_SEARCH_PATHS = (
					"$(inherited)",
					"@executable_path/Frameworks",
					"@loader_path/Frameworks",
				);
				PRODUCT_BUNDLE_IDENTIFIER = com.MoRabie.WhyUseVIPERTests;
				PRODUCT_NAME = "$(TARGET_NAME)";
				SWIFT_VERSION = 4.2;
				TARGETED_DEVICE_FAMILY = "1,2";
				TEST_HOST = "$(BUILT_PRODUCTS_DIR)/WhyUseVIPER.app/WhyUseVIPER";
			};
			name = Release;
		};
		4DB4D99A221EBF900019F972 /* Debug */ = {
			isa = XCBuildConfiguration;
			buildSettings = {
				ALWAYS_EMBED_SWIFT_STANDARD_LIBRARIES = YES;
				CODE_SIGN_STYLE = Automatic;
				DEVELOPMENT_TEAM = U6Z2MCMJT7;
				INFOPLIST_FILE = WhyUseVIPERUITests/Info.plist;
				LD_RUNPATH_SEARCH_PATHS = (
					"$(inherited)",
					"@executable_path/Frameworks",
					"@loader_path/Frameworks",
				);
				PRODUCT_BUNDLE_IDENTIFIER = com.MoRabie.WhyUseVIPERUITests;
				PRODUCT_NAME = "$(TARGET_NAME)";
				SWIFT_VERSION = 4.2;
				TARGETED_DEVICE_FAMILY = "1,2";
				TEST_TARGET_NAME = WhyUseVIPER;
			};
			name = Debug;
		};
		4DB4D99B221EBF900019F972 /* Release */ = {
			isa = XCBuildConfiguration;
			buildSettings = {
				ALWAYS_EMBED_SWIFT_STANDARD_LIBRARIES = YES;
				CODE_SIGN_STYLE = Automatic;
				DEVELOPMENT_TEAM = U6Z2MCMJT7;
				INFOPLIST_FILE = WhyUseVIPERUITests/Info.plist;
				LD_RUNPATH_SEARCH_PATHS = (
					"$(inherited)",
					"@executable_path/Frameworks",
					"@loader_path/Frameworks",
				);
				PRODUCT_BUNDLE_IDENTIFIER = com.MoRabie.WhyUseVIPERUITests;
				PRODUCT_NAME = "$(TARGET_NAME)";
				SWIFT_VERSION = 4.2;
				TARGETED_DEVICE_FAMILY = "1,2";
				TEST_TARGET_NAME = WhyUseVIPER;
			};
			name = Release;
		};
/* End XCBuildConfiguration section */

/* Begin XCConfigurationList section */
		4DB4D963221EBF8F0019F972 /* Build configuration list for PBXProject "WhyUseVIPER" */ = {
			isa = XCConfigurationList;
			buildConfigurations = (
				4DB4D991221EBF900019F972 /* Debug */,
				4DB4D992221EBF900019F972 /* Release */,
			);
			defaultConfigurationIsVisible = 0;
			defaultConfigurationName = Release;
		};
		4DB4D993221EBF900019F972 /* Build configuration list for PBXNativeTarget "WhyUseVIPER" */ = {
			isa = XCConfigurationList;
			buildConfigurations = (
				4DB4D994221EBF900019F972 /* Debug */,
				4DB4D995221EBF900019F972 /* Release */,
			);
			defaultConfigurationIsVisible = 0;
			defaultConfigurationName = Release;
		};
		4DB4D996221EBF900019F972 /* Build configuration list for PBXNativeTarget "WhyUseVIPERTests" */ = {
			isa = XCConfigurationList;
			buildConfigurations = (
				4DB4D997221EBF900019F972 /* Debug */,
				4DB4D998221EBF900019F972 /* Release */,
			);
			defaultConfigurationIsVisible = 0;
			defaultConfigurationName = Release;
		};
		4DB4D999221EBF900019F972 /* Build configuration list for PBXNativeTarget "WhyUseVIPERUITests" */ = {
			isa = XCConfigurationList;
			buildConfigurations = (
				4DB4D99A221EBF900019F972 /* Debug */,
				4DB4D99B221EBF900019F972 /* Release */,
			);
			defaultConfigurationIsVisible = 0;
			defaultConfigurationName = Release;
		};
/* End XCConfigurationList section */

/* Begin XCVersionGroup section */
		4DB4D972221EBF8F0019F972 /* WhyUseVIPER.xcdatamodeld */ = {
			isa = XCVersionGroup;
			children = (
				4DB4D973221EBF8F0019F972 /* WhyUseVIPER.xcdatamodel */,
			);
			currentVersion = 4DB4D973221EBF8F0019F972 /* WhyUseVIPER.xcdatamodel */;
			path = WhyUseVIPER.xcdatamodeld;
			sourceTree = "<group>";
			versionGroupType = wrapper.xcdatamodel;
		};
/* End XCVersionGroup section */
	};
	rootObject = 4DB4D960221EBF8F0019F972 /* Project object */;
}
